
Microsoft Visual Studio Solution File, Format Version 12.00
# Visual Studio Version 17
VisualStudioVersion = 17.13.35919.96
MinimumVisualStudioVersion = 10.0.40219.1
Project("{FAE04EC0-301F-11D3-BF4B-00C04F79EFBC}") = "EcoSimGame", "EcoSimGame\EcoSimGame.csproj", "{2A7D5CF0-8F7D-4069-8FF1-EE36165DBEB7}"
EndProject
Global
	GlobalSection(SolutionConfigurationPlatforms) = preSolution
		Debug|Any CPU = Debug|Any CPU
		Release|Any CPU = Release|Any CPU
	EndGlobalSection
	GlobalSection(ProjectConfigurationPlatforms) = postSolution
		{2A7D5CF0-8F7D-4069-8FF1-EE36165DBEB7}.Debug|Any CPU.ActiveCfg = Debug|Any CPU
		{2A7D5CF0-8F7D-4069-8FF1-EE36165DBEB7}.Debug|Any CPU.Build.0 = Debug|Any CPU
		{2A7D5CF0-8F7D-4069-8FF1-EE36165DBEB7}.Release|Any CPU.ActiveCfg = Release|Any CPU
		{2A7D5CF0-8F7D-4069-8FF1-EE36165DBEB7}.Release|Any CPU.Build.0 = Release|Any CPU
	EndGlobalSection
	GlobalSection(SolutionProperties) = preSolution
		HideSolutionNode = FALSE
	EndGlobalSection
	GlobalSection(ExtensibilityGlobals) = postSolution
		SolutionGuid = {E656EE47-0375-42B7-AE0B-0832E8EE9BB5}
	EndGlobalSection
EndGlobal
